// !$*UTF8*$!
{
	archiveVersion = 1;
	classes = {
	};
	objectVersion = 45;
	objects = {

/* Begin PBXBuildFile section */
		00FE47481146335F00D921B0 /* FFAVFrameQueue.m in Sources */ = {isa = PBXBuildFile; fileRef = 00FE47311146335F00D921B0 /* FFAVFrameQueue.m */; };
		00FE47491146335F00D921B0 /* FFGLDrawable.m in Sources */ = {isa = PBXBuildFile; fileRef = 00FE47341146335F00D921B0 /* FFGLDrawable.m */; };
		00FE474A1146335F00D921B0 /* FFGLTestDrawable.m in Sources */ = {isa = PBXBuildFile; fileRef = 00FE47361146335F00D921B0 /* FFGLTestDrawable.m */; };
		00FE474B1146335F00D921B0 /* FFMPEGAppDelegate.m in Sources */ = {isa = PBXBuildFile; fileRef = 00FE47381146335F00D921B0 /* FFMPEGAppDelegate.m */; };
		00FE474C1146335F00D921B0 /* FFPlayer.m in Sources */ = {isa = PBXBuildFile; fileRef = 00FE473A1146335F00D921B0 /* FFPlayer.m */; };
		00FE474D1146335F00D921B0 /* GHGLTexture.m in Sources */ = {isa = PBXBuildFile; fileRef = 00FE473F1146335F00D921B0 /* GHGLTexture.m */; };
		00FE474E1146335F00D921B0 /* GHGLView.m in Sources */ = {isa = PBXBuildFile; fileRef = 00FE47421146335F00D921B0 /* GHGLView.m */; };
		00FE474F1146335F00D921B0 /* GHGLViewController.m in Sources */ = {isa = PBXBuildFile; fileRef = 00FE47441146335F00D921B0 /* GHGLViewController.m */; };
		00FE47501146335F00D921B0 /* GHTextureManager.m in Sources */ = {isa = PBXBuildFile; fileRef = 00FE47471146335F00D921B0 /* GHTextureManager.m */; };
		00FE47521146337800D921B0 /* libavcodec.a in Frameworks */ = {isa = PBXBuildFile; fileRef = 00FE47511146337800D921B0 /* libavcodec.a */; };
		00FE47541146338100D921B0 /* libavfilter.a in Frameworks */ = {isa = PBXBuildFile; fileRef = 00FE47531146338100D921B0 /* libavfilter.a */; };
		00FE47561146338C00D921B0 /* libavformat.a in Frameworks */ = {isa = PBXBuildFile; fileRef = 00FE47551146338C00D921B0 /* libavformat.a */; };
		00FE47581146339800D921B0 /* libavutil.a in Frameworks */ = {isa = PBXBuildFile; fileRef = 00FE47571146339800D921B0 /* libavutil.a */; };
		00FE475A114633A200D921B0 /* libpostproc.a in Frameworks */ = {isa = PBXBuildFile; fileRef = 00FE4759114633A200D921B0 /* libpostproc.a */; };
		00FE475C114633AD00D921B0 /* libswscale.a in Frameworks */ = {isa = PBXBuildFile; fileRef = 00FE475B114633AD00D921B0 /* libswscale.a */; };
		00FE475E114633B700D921B0 /* libavdevice.a in Frameworks */ = {isa = PBXBuildFile; fileRef = 00FE475D114633B700D921B0 /* libavdevice.a */; };
		00FE47721146344B00D921B0 /* OpenGLES.framework in Frameworks */ = {isa = PBXBuildFile; fileRef = 00FE47711146344B00D921B0 /* OpenGLES.framework */; };
		00FE47781146346E00D921B0 /* libz.dylib in Frameworks */ = {isa = PBXBuildFile; fileRef = 00FE47771146346E00D921B0 /* libz.dylib */; };
		00FE478F1146348F00D921B0 /* QuartzCore.framework in Frameworks */ = {isa = PBXBuildFile; fileRef = 00FE478E1146348F00D921B0 /* QuartzCore.framework */; };
		1D3623260D0F684500981E51 /* SteerAppDelegate.m in Sources */ = {isa = PBXBuildFile; fileRef = 1D3623250D0F684500981E51 /* SteerAppDelegate.m */; };
		1D60589B0D05DD56006BFB54 /* main.m in Sources */ = {isa = PBXBuildFile; fileRef = 29B97316FDCFA39411CA2CEA /* main.m */; };
		1D60589F0D05DD5A006BFB54 /* Foundation.framework in Frameworks */ = {isa = PBXBuildFile; fileRef = 1D30AB110D05D00D00671497 /* Foundation.framework */; };
		1DF5F4E00D08C38300B7A737 /* UIKit.framework in Frameworks */ = {isa = PBXBuildFile; fileRef = 1DF5F4DF0D08C38300B7A737 /* UIKit.framework */; };
		288765FD0DF74451002DB57D /* CoreGraphics.framework in Frameworks */ = {isa = PBXBuildFile; fileRef = 288765FC0DF74451002DB57D /* CoreGraphics.framework */; };
		420C746B1144B936008F46B4 /* ControlViewController.m in Sources */ = {isa = PBXBuildFile; fileRef = 420C746A1144B936008F46B4 /* ControlViewController.m */; };
		420C74AF1144DE71008F46B4 /* CarControl.m in Sources */ = {isa = PBXBuildFile; fileRef = 420C74AE1144DE71008F46B4 /* CarControl.m */; };
		420C75391144F065008F46B4 /* AccelerometerConfigurationViewController.m in Sources */ = {isa = PBXBuildFile; fileRef = 420C75381144F065008F46B4 /* AccelerometerConfigurationViewController.m */; };
		420C75671144FEE4008F46B4 /* icon.png in Resources */ = {isa = PBXBuildFile; fileRef = 420C75661144FEE4008F46B4 /* icon.png */; };
		421539A21146029E0011C7B6 /* LookAndFeel.m in Sources */ = {isa = PBXBuildFile; fileRef = 421539A11146029E0011C7B6 /* LookAndFeel.m */; };
		421539E911460AC00011C7B6 /* MainConfigurationViewController.m in Sources */ = {isa = PBXBuildFile; fileRef = 421539E811460AC00011C7B6 /* MainConfigurationViewController.m */; };
		42153B0B114633870011C7B6 /* FatSliderThumb.png in Resources */ = {isa = PBXBuildFile; fileRef = 42153B0A114633870011C7B6 /* FatSliderThumb.png */; };
		42153B201146423B0011C7B6 /* x.png in Resources */ = {isa = PBXBuildFile; fileRef = 42153B1F1146423B0011C7B6 /* x.png */; };
		428D451B11478574001E7BCE /* arrow.png in Resources */ = {isa = PBXBuildFile; fileRef = 428D451A11478574001E7BCE /* arrow.png */; };
		429B00D21143A2F0000D1330 /* ConfigurationViewController.m in Sources */ = {isa = PBXBuildFile; fileRef = 429B00D11143A2F0000D1330 /* ConfigurationViewController.m */; };
		429B01391143B561000D1330 /* AccelerometerView.m in Sources */ = {isa = PBXBuildFile; fileRef = 429B01381143B561000D1330 /* AccelerometerView.m */; };
		429B01711143BBDF000D1330 /* SharedSettings.m in Sources */ = {isa = PBXBuildFile; fileRef = 429B01701143BBDF000D1330 /* SharedSettings.m */; };
		42A21E281143331C00FDE34A /* DualJoystickViewController.m in Sources */ = {isa = PBXBuildFile; fileRef = 42A21E261143331C00FDE34A /* DualJoystickViewController.m */; };
		42A21E471143396200FDE34A /* TouchJoystickView.m in Sources */ = {isa = PBXBuildFile; fileRef = 42A21E461143396200FDE34A /* TouchJoystickView.m */; };
		42A21E691143404600FDE34A /* SendUDP.c in Sources */ = {isa = PBXBuildFile; fileRef = 42A21E671143404600FDE34A /* SendUDP.c */; };
		42A21F0F11435E6D00FDE34A /* AccelerometerViewController.m in Sources */ = {isa = PBXBuildFile; fileRef = 42A21F0E11435E6D00FDE34A /* AccelerometerViewController.m */; };
/* End PBXBuildFile section */

/* Begin PBXFileReference section */
		00FE47301146335F00D921B0 /* FFAVFrameQueue.h */ = {isa = PBXFileReference; fileEncoding = 4; lastKnownFileType = sourcecode.c.h; path = FFAVFrameQueue.h; sourceTree = "<group>"; };
		00FE47311146335F00D921B0 /* FFAVFrameQueue.m */ = {isa = PBXFileReference; fileEncoding = 4; lastKnownFileType = sourcecode.c.objc; path = FFAVFrameQueue.m; sourceTree = "<group>"; };
		00FE47321146335F00D921B0 /* FFDefines.h */ = {isa = PBXFileReference; fileEncoding = 4; lastKnownFileType = sourcecode.c.h; path = FFDefines.h; sourceTree = "<group>"; };
		00FE47331146335F00D921B0 /* FFGLDrawable.h */ = {isa = PBXFileReference; fileEncoding = 4; lastKnownFileType = sourcecode.c.h; path = FFGLDrawable.h; sourceTree = "<group>"; };
		00FE47341146335F00D921B0 /* FFGLDrawable.m */ = {isa = PBXFileReference; fileEncoding = 4; lastKnownFileType = sourcecode.c.objc; path = FFGLDrawable.m; sourceTree = "<group>"; };
		00FE47351146335F00D921B0 /* FFGLTestDrawable.h */ = {isa = PBXFileReference; fileEncoding = 4; lastKnownFileType = sourcecode.c.h; path = FFGLTestDrawable.h; sourceTree = "<group>"; };
		00FE47361146335F00D921B0 /* FFGLTestDrawable.m */ = {isa = PBXFileReference; fileEncoding = 4; lastKnownFileType = sourcecode.c.objc; path = FFGLTestDrawable.m; sourceTree = "<group>"; };
		00FE47371146335F00D921B0 /* FFMPEGAppDelegate.h */ = {isa = PBXFileReference; fileEncoding = 4; lastKnownFileType = sourcecode.c.h; path = FFMPEGAppDelegate.h; sourceTree = "<group>"; };
		00FE47381146335F00D921B0 /* FFMPEGAppDelegate.m */ = {isa = PBXFileReference; fileEncoding = 4; lastKnownFileType = sourcecode.c.objc; path = FFMPEGAppDelegate.m; sourceTree = "<group>"; };
		00FE47391146335F00D921B0 /* FFPlayer.h */ = {isa = PBXFileReference; fileEncoding = 4; lastKnownFileType = sourcecode.c.h; path = FFPlayer.h; sourceTree = "<group>"; };
		00FE473A1146335F00D921B0 /* FFPlayer.m */ = {isa = PBXFileReference; fileEncoding = 4; lastKnownFileType = sourcecode.c.objc; path = FFPlayer.m; sourceTree = "<group>"; };
		00FE473C1146335F00D921B0 /* GHGLCommon.h */ = {isa = PBXFileReference; fileEncoding = 4; lastKnownFileType = sourcecode.c.h; path = GHGLCommon.h; sourceTree = "<group>"; };
		00FE473D1146335F00D921B0 /* GHGLDefines.h */ = {isa = PBXFileReference; fileEncoding = 4; lastKnownFileType = sourcecode.c.h; path = GHGLDefines.h; sourceTree = "<group>"; };
		00FE473E1146335F00D921B0 /* GHGLTexture.h */ = {isa = PBXFileReference; fileEncoding = 4; lastKnownFileType = sourcecode.c.h; path = GHGLTexture.h; sourceTree = "<group>"; };
		00FE473F1146335F00D921B0 /* GHGLTexture.m */ = {isa = PBXFileReference; fileEncoding = 4; lastKnownFileType = sourcecode.c.objc; path = GHGLTexture.m; sourceTree = "<group>"; };
		00FE47401146335F00D921B0 /* GHGLUCommon.h */ = {isa = PBXFileReference; fileEncoding = 4; lastKnownFileType = sourcecode.c.h; path = GHGLUCommon.h; sourceTree = "<group>"; };
		00FE47411146335F00D921B0 /* GHGLView.h */ = {isa = PBXFileReference; fileEncoding = 4; lastKnownFileType = sourcecode.c.h; path = GHGLView.h; sourceTree = "<group>"; };
		00FE47421146335F00D921B0 /* GHGLView.m */ = {isa = PBXFileReference; fileEncoding = 4; lastKnownFileType = sourcecode.c.objc; path = GHGLView.m; sourceTree = "<group>"; };
		00FE47431146335F00D921B0 /* GHGLViewController.h */ = {isa = PBXFileReference; fileEncoding = 4; lastKnownFileType = sourcecode.c.h; path = GHGLViewController.h; sourceTree = "<group>"; };
		00FE47441146335F00D921B0 /* GHGLViewController.m */ = {isa = PBXFileReference; fileEncoding = 4; lastKnownFileType = sourcecode.c.objc; path = GHGLViewController.m; sourceTree = "<group>"; };
		00FE47451146335F00D921B0 /* GHQuaternion.h */ = {isa = PBXFileReference; fileEncoding = 4; lastKnownFileType = sourcecode.c.h; path = GHQuaternion.h; sourceTree = "<group>"; };
		00FE47461146335F00D921B0 /* GHTextureManager.h */ = {isa = PBXFileReference; fileEncoding = 4; lastKnownFileType = sourcecode.c.h; path = GHTextureManager.h; sourceTree = "<group>"; };
		00FE47471146335F00D921B0 /* GHTextureManager.m */ = {isa = PBXFileReference; fileEncoding = 4; lastKnownFileType = sourcecode.c.objc; path = GHTextureManager.m; sourceTree = "<group>"; };
		00FE47511146337800D921B0 /* libavcodec.a */ = {isa = PBXFileReference; lastKnownFileType = archive.ar; name = libavcodec.a; path = Libraries/ffmpeg/libavcodec/libavcodec.a; sourceTree = "<group>"; };
		00FE47531146338100D921B0 /* libavfilter.a */ = {isa = PBXFileReference; lastKnownFileType = archive.ar; name = libavfilter.a; path = Libraries/ffmpeg/libavfilter/libavfilter.a; sourceTree = "<group>"; };
		00FE47551146338C00D921B0 /* libavformat.a */ = {isa = PBXFileReference; lastKnownFileType = archive.ar; name = libavformat.a; path = Libraries/ffmpeg/libavformat/libavformat.a; sourceTree = "<group>"; };
		00FE47571146339800D921B0 /* libavutil.a */ = {isa = PBXFileReference; lastKnownFileType = archive.ar; name = libavutil.a; path = Libraries/ffmpeg/libavutil/libavutil.a; sourceTree = "<group>"; };
		00FE4759114633A200D921B0 /* libpostproc.a */ = {isa = PBXFileReference; lastKnownFileType = archive.ar; name = libpostproc.a; path = Libraries/ffmpeg/libpostproc/libpostproc.a; sourceTree = "<group>"; };
		00FE475B114633AD00D921B0 /* libswscale.a */ = {isa = PBXFileReference; lastKnownFileType = archive.ar; name = libswscale.a; path = Libraries/ffmpeg/libswscale/libswscale.a; sourceTree = "<group>"; };
		00FE475D114633B700D921B0 /* libavdevice.a */ = {isa = PBXFileReference; lastKnownFileType = archive.ar; name = libavdevice.a; path = Libraries/ffmpeg/libavdevice/libavdevice.a; sourceTree = "<group>"; };
		00FE47711146344B00D921B0 /* OpenGLES.framework */ = {isa = PBXFileReference; lastKnownFileType = wrapper.framework; name = OpenGLES.framework; path = System/Library/Frameworks/OpenGLES.framework; sourceTree = SDKROOT; };
		00FE47771146346E00D921B0 /* libz.dylib */ = {isa = PBXFileReference; lastKnownFileType = "compiled.mach-o.dylib"; name = libz.dylib; path = usr/lib/libz.dylib; sourceTree = SDKROOT; };
		00FE478E1146348F00D921B0 /* QuartzCore.framework */ = {isa = PBXFileReference; lastKnownFileType = wrapper.framework; name = QuartzCore.framework; path = System/Library/Frameworks/QuartzCore.framework; sourceTree = SDKROOT; };
		1D30AB110D05D00D00671497 /* Foundation.framework */ = {isa = PBXFileReference; lastKnownFileType = wrapper.framework; name = Foundation.framework; path = System/Library/Frameworks/Foundation.framework; sourceTree = SDKROOT; };
		1D3623240D0F684500981E51 /* SteerAppDelegate.h */ = {isa = PBXFileReference; fileEncoding = 4; lastKnownFileType = sourcecode.c.h; path = SteerAppDelegate.h; sourceTree = "<group>"; };
		1D3623250D0F684500981E51 /* SteerAppDelegate.m */ = {isa = PBXFileReference; fileEncoding = 4; lastKnownFileType = sourcecode.c.objc; path = SteerAppDelegate.m; sourceTree = "<group>"; };
		1D6058910D05DD3D006BFB54 /* Steer.app */ = {isa = PBXFileReference; explicitFileType = wrapper.application; includeInIndex = 0; path = Steer.app; sourceTree = BUILT_PRODUCTS_DIR; };
		1DF5F4DF0D08C38300B7A737 /* UIKit.framework */ = {isa = PBXFileReference; lastKnownFileType = wrapper.framework; name = UIKit.framework; path = System/Library/Frameworks/UIKit.framework; sourceTree = SDKROOT; };
		288765FC0DF74451002DB57D /* CoreGraphics.framework */ = {isa = PBXFileReference; lastKnownFileType = wrapper.framework; name = CoreGraphics.framework; path = System/Library/Frameworks/CoreGraphics.framework; sourceTree = SDKROOT; };
		29B97316FDCFA39411CA2CEA /* main.m */ = {isa = PBXFileReference; fileEncoding = 4; lastKnownFileType = sourcecode.c.objc; path = main.m; sourceTree = "<group>"; };
		32CA4F630368D1EE00C91783 /* Steer_Prefix.pch */ = {isa = PBXFileReference; fileEncoding = 4; lastKnownFileType = sourcecode.c.h; path = Steer_Prefix.pch; sourceTree = "<group>"; };
		420C74691144B936008F46B4 /* ControlViewController.h */ = {isa = PBXFileReference; fileEncoding = 4; lastKnownFileType = sourcecode.c.h; path = ControlViewController.h; sourceTree = "<group>"; };
		420C746A1144B936008F46B4 /* ControlViewController.m */ = {isa = PBXFileReference; fileEncoding = 4; lastKnownFileType = sourcecode.c.objc; path = ControlViewController.m; sourceTree = "<group>"; };
		420C74AD1144DE71008F46B4 /* CarControl.h */ = {isa = PBXFileReference; fileEncoding = 4; lastKnownFileType = sourcecode.c.h; path = CarControl.h; sourceTree = "<group>"; };
		420C74AE1144DE71008F46B4 /* CarControl.m */ = {isa = PBXFileReference; fileEncoding = 4; lastKnownFileType = sourcecode.c.objc; path = CarControl.m; sourceTree = "<group>"; };
		420C75371144F065008F46B4 /* AccelerometerConfigurationViewController.h */ = {isa = PBXFileReference; fileEncoding = 4; lastKnownFileType = sourcecode.c.h; path = AccelerometerConfigurationViewController.h; sourceTree = "<group>"; };
		420C75381144F065008F46B4 /* AccelerometerConfigurationViewController.m */ = {isa = PBXFileReference; fileEncoding = 4; lastKnownFileType = sourcecode.c.objc; path = AccelerometerConfigurationViewController.m; sourceTree = "<group>"; };
		420C75661144FEE4008F46B4 /* icon.png */ = {isa = PBXFileReference; lastKnownFileType = image.png; path = icon.png; sourceTree = "<group>"; };
		421539A01146029E0011C7B6 /* LookAndFeel.h */ = {isa = PBXFileReference; fileEncoding = 4; lastKnownFileType = sourcecode.c.h; path = LookAndFeel.h; sourceTree = "<group>"; };
		421539A11146029E0011C7B6 /* LookAndFeel.m */ = {isa = PBXFileReference; fileEncoding = 4; lastKnownFileType = sourcecode.c.objc; path = LookAndFeel.m; sourceTree = "<group>"; };
		421539E711460AC00011C7B6 /* MainConfigurationViewController.h */ = {isa = PBXFileReference; fileEncoding = 4; lastKnownFileType = sourcecode.c.h; path = MainConfigurationViewController.h; sourceTree = "<group>"; };
		421539E811460AC00011C7B6 /* MainConfigurationViewController.m */ = {isa = PBXFileReference; fileEncoding = 4; lastKnownFileType = sourcecode.c.objc; path = MainConfigurationViewController.m; sourceTree = "<group>"; };
		42153B0A114633870011C7B6 /* FatSliderThumb.png */ = {isa = PBXFileReference; lastKnownFileType = image.png; path = FatSliderThumb.png; sourceTree = "<group>"; };
		42153B1F1146423B0011C7B6 /* x.png */ = {isa = PBXFileReference; lastKnownFileType = image.png; path = x.png; sourceTree = "<group>"; };
		428D451A11478574001E7BCE /* arrow.png */ = {isa = PBXFileReference; lastKnownFileType = image.png; path = arrow.png; sourceTree = "<group>"; };
		429B00D01143A2F0000D1330 /* ConfigurationViewController.h */ = {isa = PBXFileReference; fileEncoding = 4; lastKnownFileType = sourcecode.c.h; path = ConfigurationViewController.h; sourceTree = "<group>"; };
		429B00D11143A2F0000D1330 /* ConfigurationViewController.m */ = {isa = PBXFileReference; fileEncoding = 4; lastKnownFileType = sourcecode.c.objc; path = ConfigurationViewController.m; sourceTree = "<group>"; };
		429B01371143B561000D1330 /* AccelerometerView.h */ = {isa = PBXFileReference; fileEncoding = 4; lastKnownFileType = sourcecode.c.h; path = AccelerometerView.h; sourceTree = "<group>"; };
		429B01381143B561000D1330 /* AccelerometerView.m */ = {isa = PBXFileReference; fileEncoding = 4; lastKnownFileType = sourcecode.c.objc; path = AccelerometerView.m; sourceTree = "<group>"; };
		429B016F1143BBDF000D1330 /* SharedSettings.h */ = {isa = PBXFileReference; fileEncoding = 4; lastKnownFileType = sourcecode.c.h; path = SharedSettings.h; sourceTree = "<group>"; };
		429B01701143BBDF000D1330 /* SharedSettings.m */ = {isa = PBXFileReference; fileEncoding = 4; lastKnownFileType = sourcecode.c.objc; path = SharedSettings.m; sourceTree = "<group>"; };
		42A21E251143331C00FDE34A /* DualJoystickViewController.h */ = {isa = PBXFileReference; fileEncoding = 4; lastKnownFileType = sourcecode.c.h; path = DualJoystickViewController.h; sourceTree = "<group>"; };
		42A21E261143331C00FDE34A /* DualJoystickViewController.m */ = {isa = PBXFileReference; fileEncoding = 4; lastKnownFileType = sourcecode.c.objc; path = DualJoystickViewController.m; sourceTree = "<group>"; };
		42A21E451143396200FDE34A /* TouchJoystickView.h */ = {isa = PBXFileReference; fileEncoding = 4; lastKnownFileType = sourcecode.c.h; path = TouchJoystickView.h; sourceTree = "<group>"; };
		42A21E461143396200FDE34A /* TouchJoystickView.m */ = {isa = PBXFileReference; fileEncoding = 4; lastKnownFileType = sourcecode.c.objc; path = TouchJoystickView.m; sourceTree = "<group>"; };
		42A21E671143404600FDE34A /* SendUDP.c */ = {isa = PBXFileReference; fileEncoding = 4; lastKnownFileType = sourcecode.c.c; name = SendUDP.c; path = Classes/SendUDP.c; sourceTree = "<group>"; };
		42A21E681143404600FDE34A /* SendUDP.h */ = {isa = PBXFileReference; fileEncoding = 4; lastKnownFileType = sourcecode.c.h; name = SendUDP.h; path = Classes/SendUDP.h; sourceTree = "<group>"; };
		42A21F0D11435E6D00FDE34A /* AccelerometerViewController.h */ = {isa = PBXFileReference; fileEncoding = 4; lastKnownFileType = sourcecode.c.h; path = AccelerometerViewController.h; sourceTree = "<group>"; };
		42A21F0E11435E6D00FDE34A /* AccelerometerViewController.m */ = {isa = PBXFileReference; fileEncoding = 4; lastKnownFileType = sourcecode.c.objc; path = AccelerometerViewController.m; sourceTree = "<group>"; };
		8D1107310486CEB800E47090 /* Steer-Info.plist */ = {isa = PBXFileReference; fileEncoding = 4; lastKnownFileType = text.plist.xml; path = "Steer-Info.plist"; plistStructureDefinitionIdentifier = "com.apple.xcode.plist.structure-definition.iphone.info-plist"; sourceTree = "<group>"; };
/* End PBXFileReference section */

/* Begin PBXFrameworksBuildPhase section */
		1D60588F0D05DD3D006BFB54 /* Frameworks */ = {
			isa = PBXFrameworksBuildPhase;
			buildActionMask = 2147483647;
			files = (
				1D60589F0D05DD5A006BFB54 /* Foundation.framework in Frameworks */,
				1DF5F4E00D08C38300B7A737 /* UIKit.framework in Frameworks */,
				288765FD0DF74451002DB57D /* CoreGraphics.framework in Frameworks */,
				00FE47521146337800D921B0 /* libavcodec.a in Frameworks */,
				00FE47541146338100D921B0 /* libavfilter.a in Frameworks */,
				00FE47561146338C00D921B0 /* libavformat.a in Frameworks */,
				00FE47581146339800D921B0 /* libavutil.a in Frameworks */,
				00FE475A114633A200D921B0 /* libpostproc.a in Frameworks */,
				00FE475C114633AD00D921B0 /* libswscale.a in Frameworks */,
				00FE475E114633B700D921B0 /* libavdevice.a in Frameworks */,
				00FE47721146344B00D921B0 /* OpenGLES.framework in Frameworks */,
				00FE47781146346E00D921B0 /* libz.dylib in Frameworks */,
				00FE478F1146348F00D921B0 /* QuartzCore.framework in Frameworks */,
			);
			runOnlyForDeploymentPostprocessing = 0;
		};
/* End PBXFrameworksBuildPhase section */

/* Begin PBXGroup section */
		00FE472F1146335F00D921B0 /* FFMPEG */ = {
			isa = PBXGroup;
			children = (
				00FE47301146335F00D921B0 /* FFAVFrameQueue.h */,
				00FE47311146335F00D921B0 /* FFAVFrameQueue.m */,
				00FE47321146335F00D921B0 /* FFDefines.h */,
				00FE47331146335F00D921B0 /* FFGLDrawable.h */,
				00FE47341146335F00D921B0 /* FFGLDrawable.m */,
				00FE47351146335F00D921B0 /* FFGLTestDrawable.h */,
				00FE47361146335F00D921B0 /* FFGLTestDrawable.m */,
				00FE47371146335F00D921B0 /* FFMPEGAppDelegate.h */,
				00FE47381146335F00D921B0 /* FFMPEGAppDelegate.m */,
				00FE47391146335F00D921B0 /* FFPlayer.h */,
				00FE473A1146335F00D921B0 /* FFPlayer.m */,
				00FE473B1146335F00D921B0 /* OpenGL */,
			);
			path = FFMPEG;
			sourceTree = "<group>";
		};
		00FE473B1146335F00D921B0 /* OpenGL */ = {
			isa = PBXGroup;
			children = (
				00FE473C1146335F00D921B0 /* GHGLCommon.h */,
				00FE473D1146335F00D921B0 /* GHGLDefines.h */,
				00FE473E1146335F00D921B0 /* GHGLTexture.h */,
				00FE473F1146335F00D921B0 /* GHGLTexture.m */,
				00FE47401146335F00D921B0 /* GHGLUCommon.h */,
				00FE47411146335F00D921B0 /* GHGLView.h */,
				00FE47421146335F00D921B0 /* GHGLView.m */,
				00FE47431146335F00D921B0 /* GHGLViewController.h */,
				00FE47441146335F00D921B0 /* GHGLViewController.m */,
				00FE47451146335F00D921B0 /* GHQuaternion.h */,
				00FE47461146335F00D921B0 /* GHTextureManager.h */,
				00FE47471146335F00D921B0 /* GHTextureManager.m */,
			);
			path = OpenGL;
			sourceTree = "<group>";
		};
		080E96DDFE201D6D7F000001 /* Classes */ = {
			isa = PBXGroup;
			children = (
				420C74691144B936008F46B4 /* ControlViewController.h */,
				420C746A1144B936008F46B4 /* ControlViewController.m */,
				420C74F51144E562008F46B4 /* Accelerometer */,
				420C74F41144E552008F46B4 /* DualJoystick */,
				420C74AD1144DE71008F46B4 /* CarControl.h */,
				420C74AE1144DE71008F46B4 /* CarControl.m */,
				1D3623240D0F684500981E51 /* SteerAppDelegate.h */,
				1D3623250D0F684500981E51 /* SteerAppDelegate.m */,
				429B00D01143A2F0000D1330 /* ConfigurationViewController.h */,
				429B00D11143A2F0000D1330 /* ConfigurationViewController.m */,
				429B016F1143BBDF000D1330 /* SharedSettings.h */,
				429B01701143BBDF000D1330 /* SharedSettings.m */,
				421539A01146029E0011C7B6 /* LookAndFeel.h */,
				421539A11146029E0011C7B6 /* LookAndFeel.m */,
				421539E711460AC00011C7B6 /* MainConfigurationViewController.h */,
				421539E811460AC00011C7B6 /* MainConfigurationViewController.m */,
			);
			path = Classes;
			sourceTree = "<group>";
		};
		19C28FACFE9D520D11CA2CBB /* Products */ = {
			isa = PBXGroup;
			children = (
				1D6058910D05DD3D006BFB54 /* Steer.app */,
			);
			name = Products;
			sourceTree = "<group>";
		};
		29B97314FDCFA39411CA2CEA /* CustomTemplate */ = {
			isa = PBXGroup;
			children = (
				080E96DDFE201D6D7F000001 /* Classes */,
				00FE472F1146335F00D921B0 /* FFMPEG */,
				29B97315FDCFA39411CA2CEA /* Other Sources */,
				29B97317FDCFA39411CA2CEA /* Resources */,
				29B97323FDCFA39411CA2CEA /* Frameworks */,
				19C28FACFE9D520D11CA2CBB /* Products */,
				00FE478E1146348F00D921B0 /* QuartzCore.framework */,
			);
			name = CustomTemplate;
			sourceTree = "<group>";
		};
		29B97315FDCFA39411CA2CEA /* Other Sources */ = {
			isa = PBXGroup;
			children = (
				42A21E671143404600FDE34A /* SendUDP.c */,
				42A21E681143404600FDE34A /* SendUDP.h */,
				32CA4F630368D1EE00C91783 /* Steer_Prefix.pch */,
				29B97316FDCFA39411CA2CEA /* main.m */,
			);
			name = "Other Sources";
			sourceTree = "<group>";
		};
		29B97317FDCFA39411CA2CEA /* Resources */ = {
			isa = PBXGroup;
			children = (
				428D451A11478574001E7BCE /* arrow.png */,
				42153B1F1146423B0011C7B6 /* x.png */,
				42153B0A114633870011C7B6 /* FatSliderThumb.png */,
				420C75661144FEE4008F46B4 /* icon.png */,
				8D1107310486CEB800E47090 /* Steer-Info.plist */,
			);
			name = Resources;
			sourceTree = "<group>";
		};
		29B97323FDCFA39411CA2CEA /* Frameworks */ = {
			isa = PBXGroup;
			children = (
				00FE475D114633B700D921B0 /* libavdevice.a */,
				00FE475B114633AD00D921B0 /* libswscale.a */,
				00FE4759114633A200D921B0 /* libpostproc.a */,
				00FE47571146339800D921B0 /* libavutil.a */,
				00FE47551146338C00D921B0 /* libavformat.a */,
				00FE47531146338100D921B0 /* libavfilter.a */,
				00FE47511146337800D921B0 /* libavcodec.a */,
				00FE47711146344B00D921B0 /* OpenGLES.framework */,
				00FE47771146346E00D921B0 /* libz.dylib */,
				1DF5F4DF0D08C38300B7A737 /* UIKit.framework */,
				1D30AB110D05D00D00671497 /* Foundation.framework */,
				288765FC0DF74451002DB57D /* CoreGraphics.framework */,
			);
			name = Frameworks;
			sourceTree = "<group>";
		};
		420C74F41144E552008F46B4 /* DualJoystick */ = {
			isa = PBXGroup;
			children = (
				42A21E251143331C00FDE34A /* DualJoystickViewController.h */,
				42A21E261143331C00FDE34A /* DualJoystickViewController.m */,
				42A21E451143396200FDE34A /* TouchJoystickView.h */,
				42A21E461143396200FDE34A /* TouchJoystickView.m */,
			);
			name = DualJoystick;
			sourceTree = "<group>";
		};
		420C74F51144E562008F46B4 /* Accelerometer */ = {
			isa = PBXGroup;
			children = (
				42A21F0D11435E6D00FDE34A /* AccelerometerViewController.h */,
				42A21F0E11435E6D00FDE34A /* AccelerometerViewController.m */,
				429B01371143B561000D1330 /* AccelerometerView.h */,
				429B01381143B561000D1330 /* AccelerometerView.m */,
				420C75371144F065008F46B4 /* AccelerometerConfigurationViewController.h */,
				420C75381144F065008F46B4 /* AccelerometerConfigurationViewController.m */,
			);
			name = Accelerometer;
			sourceTree = "<group>";
		};
/* End PBXGroup section */

/* Begin PBXNativeTarget section */
		1D6058900D05DD3D006BFB54 /* Steer */ = {
			isa = PBXNativeTarget;
			buildConfigurationList = 1D6058960D05DD3E006BFB54 /* Build configuration list for PBXNativeTarget "Steer" */;
			buildPhases = (
				1D60588D0D05DD3D006BFB54 /* Resources */,
				1D60588E0D05DD3D006BFB54 /* Sources */,
				1D60588F0D05DD3D006BFB54 /* Frameworks */,
			);
			buildRules = (
			);
			dependencies = (
			);
			name = Steer;
			productName = Steer;
			productReference = 1D6058910D05DD3D006BFB54 /* Steer.app */;
			productType = "com.apple.product-type.application";
		};
/* End PBXNativeTarget section */

/* Begin PBXProject section */
		29B97313FDCFA39411CA2CEA /* Project object */ = {
			isa = PBXProject;
			buildConfigurationList = C01FCF4E08A954540054247B /* Build configuration list for PBXProject "Steer" */;
			compatibilityVersion = "Xcode 3.1";
			hasScannedForEncodings = 1;
			mainGroup = 29B97314FDCFA39411CA2CEA /* CustomTemplate */;
			projectDirPath = "";
			projectRoot = "";
			targets = (
				1D6058900D05DD3D006BFB54 /* Steer */,
			);
		};
/* End PBXProject section */

/* Begin PBXResourcesBuildPhase section */
		1D60588D0D05DD3D006BFB54 /* Resources */ = {
			isa = PBXResourcesBuildPhase;
			buildActionMask = 2147483647;
			files = (
				420C75671144FEE4008F46B4 /* icon.png in Resources */,
				42153B0B114633870011C7B6 /* FatSliderThumb.png in Resources */,
				42153B201146423B0011C7B6 /* x.png in Resources */,
				428D451B11478574001E7BCE /* arrow.png in Resources */,
			);
			runOnlyForDeploymentPostprocessing = 0;
		};
/* End PBXResourcesBuildPhase section */

/* Begin PBXSourcesBuildPhase section */
		1D60588E0D05DD3D006BFB54 /* Sources */ = {
			isa = PBXSourcesBuildPhase;
			buildActionMask = 2147483647;
			files = (
				1D60589B0D05DD56006BFB54 /* main.m in Sources */,
				1D3623260D0F684500981E51 /* SteerAppDelegate.m in Sources */,
				42A21E281143331C00FDE34A /* DualJoystickViewController.m in Sources */,
				42A21E471143396200FDE34A /* TouchJoystickView.m in Sources */,
				42A21E691143404600FDE34A /* SendUDP.c in Sources */,
				42A21F0F11435E6D00FDE34A /* AccelerometerViewController.m in Sources */,
				429B00D21143A2F0000D1330 /* ConfigurationViewController.m in Sources */,
				429B01391143B561000D1330 /* AccelerometerView.m in Sources */,
				429B01711143BBDF000D1330 /* SharedSettings.m in Sources */,
				420C746B1144B936008F46B4 /* ControlViewController.m in Sources */,
				420C74AF1144DE71008F46B4 /* CarControl.m in Sources */,
				420C75391144F065008F46B4 /* AccelerometerConfigurationViewController.m in Sources */,
				421539A21146029E0011C7B6 /* LookAndFeel.m in Sources */,
				421539E911460AC00011C7B6 /* MainConfigurationViewController.m in Sources */,
				00FE47481146335F00D921B0 /* FFAVFrameQueue.m in Sources */,
				00FE47491146335F00D921B0 /* FFGLDrawable.m in Sources */,
				00FE474A1146335F00D921B0 /* FFGLTestDrawable.m in Sources */,
				00FE474B1146335F00D921B0 /* FFMPEGAppDelegate.m in Sources */,
				00FE474C1146335F00D921B0 /* FFPlayer.m in Sources */,
				00FE474D1146335F00D921B0 /* GHGLTexture.m in Sources */,
				00FE474E1146335F00D921B0 /* GHGLView.m in Sources */,
				00FE474F1146335F00D921B0 /* GHGLViewController.m in Sources */,
				00FE47501146335F00D921B0 /* GHTextureManager.m in Sources */,
			);
			runOnlyForDeploymentPostprocessing = 0;
		};
/* End PBXSourcesBuildPhase section */

/* Begin XCBuildConfiguration section */
		1D6058940D05DD3E006BFB54 /* Debug */ = {
			isa = XCBuildConfiguration;
			buildSettings = {
				ALWAYS_SEARCH_USER_PATHS = NO;
				ARCHS = "$(ARCHS_UNIVERSAL_IPHONE_OS)";
				COPY_PHASE_STRIP = NO;
				GCC_DYNAMIC_NO_PIC = NO;
				GCC_OPTIMIZATION_LEVEL = 0;
				GCC_PRECOMPILE_PREFIX_HEADER = YES;
				GCC_PREFIX_HEADER = Steer_Prefix.pch;
				HEADER_SEARCH_PATHS = "Libraries/ffmpeg/**";
				INFOPLIST_FILE = "Steer-Info.plist";
				LIBRARY_SEARCH_PATHS = (
					"$(inherited)",
					"\"$(SRCROOT)/Libraries/ffmpeg/libavcodec\"",
					"\"$(SRCROOT)/Libraries/ffmpeg/libavfilter\"",
					"\"$(SRCROOT)/Libraries/ffmpeg/libavformat\"",
					"\"$(SRCROOT)/Libraries/ffmpeg/libavutil\"",
					"\"$(SRCROOT)/Libraries/ffmpeg/libpostproc\"",
					"\"$(SRCROOT)/Libraries/ffmpeg/libswscale\"",
					"\"$(SRCROOT)/Libraries/ffmpeg/libavdevice\"",
				);
				ONLY_ACTIVE_ARCH = YES;
				PRODUCT_NAME = Steer;
				SDKROOT = iphoneos3.0;
				VALID_ARCHS = armv7;
			};
			name = Debug;
		};
		1D6058950D05DD3E006BFB54 /* Release */ = {
			isa = XCBuildConfiguration;
			buildSettings = {
				ALWAYS_SEARCH_USER_PATHS = NO;
				ARCHS = "$(ARCHS_UNIVERSAL_IPHONE_OS)";
				COPY_PHASE_STRIP = YES;
				GCC_PRECOMPILE_PREFIX_HEADER = YES;
				GCC_PREFIX_HEADER = Steer_Prefix.pch;
				HEADER_SEARCH_PATHS = "Libraries/ffmpeg/**";
				INFOPLIST_FILE = "Steer-Info.plist";
				LIBRARY_SEARCH_PATHS = (
					"$(inherited)",
					"\"$(SRCROOT)/Libraries/ffmpeg/libavcodec\"",
					"\"$(SRCROOT)/Libraries/ffmpeg/libavfilter\"",
					"\"$(SRCROOT)/Libraries/ffmpeg/libavformat\"",
					"\"$(SRCROOT)/Libraries/ffmpeg/libavutil\"",
					"\"$(SRCROOT)/Libraries/ffmpeg/libpostproc\"",
					"\"$(SRCROOT)/Libraries/ffmpeg/libswscale\"",
					"\"$(SRCROOT)/Libraries/ffmpeg/libavdevice\"",
				);
				ONLY_ACTIVE_ARCH = YES;
				PRODUCT_NAME = Steer;
				SDKROOT = iphoneos3.0;
				VALID_ARCHS = armv7;
			};
			name = Release;
		};
		C01FCF4F08A954540054247B /* Debug */ = {
			isa = XCBuildConfiguration;
			buildSettings = {
				ARCHS = "$(ARCHS_STANDARD_32_BIT)";
				"CODE_SIGN_IDENTITY[sdk=iphoneos*]" = "iPhone Developer";
				GCC_C_LANGUAGE_STANDARD = c99;
				GCC_WARN_ABOUT_RETURN_TYPE = YES;
				GCC_WARN_UNUSED_VARIABLE = YES;
				PREBINDING = NO;
				SDKROOT = iphoneos3.1.3;
			};
			name = Debug;
		};
		C01FCF5008A954540054247B /* Release */ = {
			isa = XCBuildConfiguration;
			buildSettings = {
				ARCHS = "$(ARCHS_STANDARD_32_BIT)";
				"CODE_SIGN_IDENTITY[sdk=iphoneos*]" = "iPhone Developer";
				GCC_C_LANGUAGE_STANDARD = c99;
				GCC_WARN_ABOUT_RETURN_TYPE = YES;
				GCC_WARN_UNUSED_VARIABLE = YES;
				PREBINDING = NO;
				SDKROOT = iphoneos3.1.3;
			};
			name = Release;
		};
/* End XCBuildConfiguration section */

/* Begin XCConfigurationList section */
		1D6058960D05DD3E006BFB54 /* Build configuration list for PBXNativeTarget "Steer" */ = {
			isa = XCConfigurationList;
			buildConfigurations = (
				1D6058940D05DD3E006BFB54 /* Debug */,
				1D6058950D05DD3E006BFB54 /* Release */,
			);
			defaultConfigurationIsVisible = 0;
			defaultConfigurationName = Release;
		};
		C01FCF4E08A954540054247B /* Build configuration list for PBXProject "Steer" */ = {
			isa = XCConfigurationList;
			buildConfigurations = (
				C01FCF4F08A954540054247B /* Debug */,
				C01FCF5008A954540054247B /* Release */,
			);
			defaultConfigurationIsVisible = 0;
			defaultConfigurationName = Release;
		};
/* End XCConfigurationList section */
	};
	rootObject = 29B97313FDCFA39411CA2CEA /* Project object */;
}
